
Microsoft Visual Studio Solution File, Format Version 12.00
# Visual Studio 15
VisualStudioVersion = 15.0.27428.2043
MinimumVisualStudioVersion = 10.0.40219.1
Project("{FAE04EC0-301F-11D3-BF4B-00C04F79EFBC}") = "AndrewLipman_TimeTrackerApp", "AndrewLipman_TimeTrackerApp\AndrewLipman_TimeTrackerApp.csproj", "{AFCEC3C9-6873-4C47-9E8E-59F38C8846EB}"
EndProject
Global
	GlobalSection(SolutionConfigurationPlatforms) = preSolution
		Debug|Any CPU = Debug|Any CPU
		Release|Any CPU = Release|Any CPU
	EndGlobalSection
	GlobalSection(ProjectConfigurationPlatforms) = postSolution
		{AFCEC3C9-6873-4C47-9E8E-59F38C8846EB}.Debug|Any CPU.ActiveCfg = Debug|Any CPU
		{AFCEC3C9-6873-4C47-9E8E-59F38C8846EB}.Debug|Any CPU.Build.0 = Debug|Any CPU
		{AFCEC3C9-6873-4C47-9E8E-59F38C8846EB}.Release|Any CPU.ActiveCfg = Release|Any CPU
		{AFCEC3C9-6873-4C47-9E8E-59F38C8846EB}.Release|Any CPU.Build.0 = Release|Any CPU
	EndGlobalSection
	GlobalSection(SolutionProperties) = preSolution
		HideSolutionNode = FALSE
	EndGlobalSection
	GlobalSection(ExtensibilityGlobals) = postSolution
		SolutionGuid = {6E2ADD8C-63C9-4E3A-9A18-0B728CBE62F1}
	EndGlobalSection
EndGlobal
